{
  "name": "pokemmo-calc-web",
  "version": "1.0.0",
  "lockfileVersion": 2,
  "requires": true,
  "packages": {
    "": {
      "name": "pokemmo-calc-web",
      "version": "1.0.0",
      "dependencies": {
        "pokemmo-calc-web": "file:"
      }
    },
    "calc": {
      "name": "@smogon/calc",
      "version": "0.7.0",
      "extraneous": true,
      "license": "MIT",
      "dependencies": {
        "@types/node": "^18.11.9"
      },
      "devDependencies": {
        "@pkmn/dex": "^0.7.13",
        "@pkmn/eslint-config": "^2.12.0",
        "@types/jest": "^29.2.3",
        "@typescript-eslint/eslint-plugin": "^5.43.0",
        "@typescript-eslint/parser": "^5.43.0",
        "eslint": "^8.28.0",
        "eslint-plugin-jest": "^27.1.5",
        "jest": "^29.3.1",
        "ts-jest": "^29.0.3",
        "typescript": "^4.9.3"
      }
    },
    "node_modules/pokemmo-calc-web": {
      "resolved": "",
      "link": true
    }
  },
  "dependencies": {
    "pokemmo-calc-web": {
      "version": "file:",
      "requires": {
        "pokemmo-calc-web": "file:"
      }
    }
  }
}
